
Microsoft Visual Studio Solution File, Format Version 12.00
# Visual Studio Version 17
VisualStudioVersion = 17.10.34902.84
MinimumVisualStudioVersion = 10.0.40219.1
Project("{2150E333-8FDC-42A3-9474-1A3956D46DE8}") = "src", "src", "{ADDDC927-F489-49D2-A9E3-97456E6F881B}"
EndProject
Project("{2150E333-8FDC-42A3-9474-1A3956D46DE8}") = "Api", "Api", "{BD5DB7E6-A75A-479E-BC1A-49C30143FD34}"
EndProject
Project("{2150E333-8FDC-42A3-9474-1A3956D46DE8}") = "Clients", "Clients", "{BA5E17BA-A8C7-4273-8932-8AFAF6DFE8DE}"
EndProject
Project("{2150E333-8FDC-42A3-9474-1A3956D46DE8}") = "Common", "Common", "{B65F0F32-1345-4ECC-8FB9-C50B5B28812B}"
EndProject
Project("{2150E333-8FDC-42A3-9474-1A3956D46DE8}") = "Projections", "Projections", "{968B9768-6BC5-47B8-B865-85D837D0DC12}"
EndProject
Project("{2150E333-8FDC-42A3-9474-1A3956D46DE8}") = "Core", "Core", "{38F84BDC-4169-43E5-85DD-DFE2EEDCC061}"
EndProject
Project("{2150E333-8FDC-42A3-9474-1A3956D46DE8}") = "Infrastructure", "Infrastructure", "{CF5AB1C9-3042-4325-98A0-2688A59F955D}"
EndProject
Project("{2150E333-8FDC-42A3-9474-1A3956D46DE8}") = "WebApi", "WebApi", "{3CD5A7AE-A411-4674-9AC8-4858730D5B27}"
EndProject
Project("{2150E333-8FDC-42A3-9474-1A3956D46DE8}") = "BlazorWeb", "BlazorWeb", "{66125D0A-DCEA-4CDA-9236-52A326A950BE}"
EndProject
Project("{9A19103F-16F7-4668-BE54-9A1E7A4F7556}") = "SivasSozluk.Common", "src\Common\SivasSozluk.Common\SivasSozluk.Common.csproj", "{A59CCF75-498D-4055-BC61-E9E481149DF2}"
EndProject
Project("{9A19103F-16F7-4668-BE54-9A1E7A4F7556}") = "SivasSozluk.Api.Domain", "src\Api\Core\SivasSozluk.Api.Domain\SivasSozluk.Api.Domain.csproj", "{16DFBE69-E089-4790-965B-07FA69696E22}"
EndProject
Project("{9A19103F-16F7-4668-BE54-9A1E7A4F7556}") = "SivasSozluk.Api.Application", "src\Api\Core\SivasSozluk.Api.Application\SivasSozluk.Api.Application.csproj", "{180B49F0-367E-431A-A83D-F62538258A0D}"
EndProject
Project("{9A19103F-16F7-4668-BE54-9A1E7A4F7556}") = "SivasSozluk.Infrastructure.Persistence", "src\Api\Infrastructure\SivasSozluk.Infrastructure.Persistence\SivasSozluk.Infrastructure.Persistence.csproj", "{D607CA9A-6E4E-42FE-8F41-36BAA805B291}"
EndProject
Project("{9A19103F-16F7-4668-BE54-9A1E7A4F7556}") = "SivasSozluk.Api.WebApi", "src\Api\WebApi\SivasSozluk.Api.WebApi\SivasSozluk.Api.WebApi.csproj", "{41C1E9FE-72E8-48B9-8007-8BF4D247C873}"
EndProject
Project("{9A19103F-16F7-4668-BE54-9A1E7A4F7556}") = "SivasSozluk.Projections.FavoriteService", "src\Projections\SivasSozluk.Projections.FavoriteService\SivasSozluk.Projections.FavoriteService.csproj", "{1C8E56A0-8013-4698-9DA0-8C9BAD38182B}"
EndProject
Project("{9A19103F-16F7-4668-BE54-9A1E7A4F7556}") = "SivasSozluk.Projections.VoteService", "src\Projections\SivasSozluk.Projections.VoteService\SivasSozluk.Projections.VoteService.csproj", "{B55A38A6-FDC2-4D2C-95B3-A67728CC3621}"
EndProject
Project("{9A19103F-16F7-4668-BE54-9A1E7A4F7556}") = "SivasSozluk.Projections.UserService", "src\Projections\SivasSozluk.Projections.UserService\SivasSozluk.Projections.UserService.csproj", "{21DDC1A7-7249-4FC6-9EAD-2C219E076A66}"
EndProject
Project("{FAE04EC0-301F-11D3-BF4B-00C04F79EFBC}") = "SivasSozluk.WebApp", "src\Clients\BlazorWeb\SivasSozluk.WebApp\SivasSozluk.WebApp.csproj", "{23EDAC72-A0B7-490F-B5C3-BAD0A6A5DEFF}"
EndProject
Global
	GlobalSection(SolutionConfigurationPlatforms) = preSolution
		Debug|Any CPU = Debug|Any CPU
		Release|Any CPU = Release|Any CPU
	EndGlobalSection
	GlobalSection(ProjectConfigurationPlatforms) = postSolution
		{A59CCF75-498D-4055-BC61-E9E481149DF2}.Debug|Any CPU.ActiveCfg = Debug|Any CPU
		{A59CCF75-498D-4055-BC61-E9E481149DF2}.Debug|Any CPU.Build.0 = Debug|Any CPU
		{A59CCF75-498D-4055-BC61-E9E481149DF2}.Release|Any CPU.ActiveCfg = Release|Any CPU
		{A59CCF75-498D-4055-BC61-E9E481149DF2}.Release|Any CPU.Build.0 = Release|Any CPU
		{16DFBE69-E089-4790-965B-07FA69696E22}.Debug|Any CPU.ActiveCfg = Debug|Any CPU
		{16DFBE69-E089-4790-965B-07FA69696E22}.Debug|Any CPU.Build.0 = Debug|Any CPU
		{16DFBE69-E089-4790-965B-07FA69696E22}.Release|Any CPU.ActiveCfg = Release|Any CPU
		{16DFBE69-E089-4790-965B-07FA69696E22}.Release|Any CPU.Build.0 = Release|Any CPU
		{180B49F0-367E-431A-A83D-F62538258A0D}.Debug|Any CPU.ActiveCfg = Debug|Any CPU
		{180B49F0-367E-431A-A83D-F62538258A0D}.Debug|Any CPU.Build.0 = Debug|Any CPU
		{180B49F0-367E-431A-A83D-F62538258A0D}.Release|Any CPU.ActiveCfg = Release|Any CPU
		{180B49F0-367E-431A-A83D-F62538258A0D}.Release|Any CPU.Build.0 = Release|Any CPU
		{D607CA9A-6E4E-42FE-8F41-36BAA805B291}.Debug|Any CPU.ActiveCfg = Debug|Any CPU
		{D607CA9A-6E4E-42FE-8F41-36BAA805B291}.Debug|Any CPU.Build.0 = Debug|Any CPU
		{D607CA9A-6E4E-42FE-8F41-36BAA805B291}.Release|Any CPU.ActiveCfg = Release|Any CPU
		{D607CA9A-6E4E-42FE-8F41-36BAA805B291}.Release|Any CPU.Build.0 = Release|Any CPU
		{41C1E9FE-72E8-48B9-8007-8BF4D247C873}.Debug|Any CPU.ActiveCfg = Debug|Any CPU
		{41C1E9FE-72E8-48B9-8007-8BF4D247C873}.Debug|Any CPU.Build.0 = Debug|Any CPU
		{41C1E9FE-72E8-48B9-8007-8BF4D247C873}.Release|Any CPU.ActiveCfg = Release|Any CPU
		{41C1E9FE-72E8-48B9-8007-8BF4D247C873}.Release|Any CPU.Build.0 = Release|Any CPU
		{1C8E56A0-8013-4698-9DA0-8C9BAD38182B}.Debug|Any CPU.ActiveCfg = Debug|Any CPU
		{1C8E56A0-8013-4698-9DA0-8C9BAD38182B}.Debug|Any CPU.Build.0 = Debug|Any CPU
		{1C8E56A0-8013-4698-9DA0-8C9BAD38182B}.Release|Any CPU.ActiveCfg = Release|Any CPU
		{1C8E56A0-8013-4698-9DA0-8C9BAD38182B}.Release|Any CPU.Build.0 = Release|Any CPU
		{B55A38A6-FDC2-4D2C-95B3-A67728CC3621}.Debug|Any CPU.ActiveCfg = Debug|Any CPU
		{B55A38A6-FDC2-4D2C-95B3-A67728CC3621}.Debug|Any CPU.Build.0 = Debug|Any CPU
		{B55A38A6-FDC2-4D2C-95B3-A67728CC3621}.Release|Any CPU.ActiveCfg = Release|Any CPU
		{B55A38A6-FDC2-4D2C-95B3-A67728CC3621}.Release|Any CPU.Build.0 = Release|Any CPU
		{21DDC1A7-7249-4FC6-9EAD-2C219E076A66}.Debug|Any CPU.ActiveCfg = Debug|Any CPU
		{21DDC1A7-7249-4FC6-9EAD-2C219E076A66}.Debug|Any CPU.Build.0 = Debug|Any CPU
		{21DDC1A7-7249-4FC6-9EAD-2C219E076A66}.Release|Any CPU.ActiveCfg = Release|Any CPU
		{21DDC1A7-7249-4FC6-9EAD-2C219E076A66}.Release|Any CPU.Build.0 = Release|Any CPU
		{23EDAC72-A0B7-490F-B5C3-BAD0A6A5DEFF}.Debug|Any CPU.ActiveCfg = Debug|Any CPU
		{23EDAC72-A0B7-490F-B5C3-BAD0A6A5DEFF}.Debug|Any CPU.Build.0 = Debug|Any CPU
		{23EDAC72-A0B7-490F-B5C3-BAD0A6A5DEFF}.Release|Any CPU.ActiveCfg = Release|Any CPU
		{23EDAC72-A0B7-490F-B5C3-BAD0A6A5DEFF}.Release|Any CPU.Build.0 = Release|Any CPU
	EndGlobalSection
	GlobalSection(SolutionProperties) = preSolution
		HideSolutionNode = FALSE
	EndGlobalSection
	GlobalSection(NestedProjects) = preSolution
		{BD5DB7E6-A75A-479E-BC1A-49C30143FD34} = {ADDDC927-F489-49D2-A9E3-97456E6F881B}
		{BA5E17BA-A8C7-4273-8932-8AFAF6DFE8DE} = {ADDDC927-F489-49D2-A9E3-97456E6F881B}
		{B65F0F32-1345-4ECC-8FB9-C50B5B28812B} = {ADDDC927-F489-49D2-A9E3-97456E6F881B}
		{968B9768-6BC5-47B8-B865-85D837D0DC12} = {ADDDC927-F489-49D2-A9E3-97456E6F881B}
		{38F84BDC-4169-43E5-85DD-DFE2EEDCC061} = {BD5DB7E6-A75A-479E-BC1A-49C30143FD34}
		{CF5AB1C9-3042-4325-98A0-2688A59F955D} = {BD5DB7E6-A75A-479E-BC1A-49C30143FD34}
		{3CD5A7AE-A411-4674-9AC8-4858730D5B27} = {BD5DB7E6-A75A-479E-BC1A-49C30143FD34}
		{66125D0A-DCEA-4CDA-9236-52A326A950BE} = {BA5E17BA-A8C7-4273-8932-8AFAF6DFE8DE}
		{A59CCF75-498D-4055-BC61-E9E481149DF2} = {B65F0F32-1345-4ECC-8FB9-C50B5B28812B}
		{16DFBE69-E089-4790-965B-07FA69696E22} = {38F84BDC-4169-43E5-85DD-DFE2EEDCC061}
		{180B49F0-367E-431A-A83D-F62538258A0D} = {38F84BDC-4169-43E5-85DD-DFE2EEDCC061}
		{D607CA9A-6E4E-42FE-8F41-36BAA805B291} = {CF5AB1C9-3042-4325-98A0-2688A59F955D}
		{41C1E9FE-72E8-48B9-8007-8BF4D247C873} = {3CD5A7AE-A411-4674-9AC8-4858730D5B27}
		{1C8E56A0-8013-4698-9DA0-8C9BAD38182B} = {968B9768-6BC5-47B8-B865-85D837D0DC12}
		{B55A38A6-FDC2-4D2C-95B3-A67728CC3621} = {968B9768-6BC5-47B8-B865-85D837D0DC12}
		{21DDC1A7-7249-4FC6-9EAD-2C219E076A66} = {968B9768-6BC5-47B8-B865-85D837D0DC12}
		{23EDAC72-A0B7-490F-B5C3-BAD0A6A5DEFF} = {66125D0A-DCEA-4CDA-9236-52A326A950BE}
	EndGlobalSection
	GlobalSection(ExtensibilityGlobals) = postSolution
		SolutionGuid = {A858655E-C238-45A8-A6E7-9D8E110245A3}
	EndGlobalSection
EndGlobal
